
Microsoft Visual Studio Solution File, Format Version 12.00
# Visual Studio 2017
Project("{FAE04EC0-301F-11D3-BF4B-00C04F79EFBC}") = "ougiya20180914a", "ougiya20180914a.csproj", "{EC0D4B25-4ECD-5EAB-E667-223AD983BBBB}"
EndProject
Global
	GlobalSection(SolutionConfigurationPlatforms) = preSolution
		Debug|Any CPU = Debug|Any CPU
		Release|Any CPU = Release|Any CPU
	EndGlobalSection
	GlobalSection(ProjectConfigurationPlatforms) = postSolution
		{EC0D4B25-4ECD-5EAB-E667-223AD983BBBB}.Debug|Any CPU.ActiveCfg = Debug|Any CPU
		{EC0D4B25-4ECD-5EAB-E667-223AD983BBBB}.Debug|Any CPU.Build.0 = Debug|Any CPU
		{EC0D4B25-4ECD-5EAB-E667-223AD983BBBB}.Release|Any CPU.ActiveCfg = Release|Any CPU
		{EC0D4B25-4ECD-5EAB-E667-223AD983BBBB}.Release|Any CPU.Build.0 = Release|Any CPU
	EndGlobalSection
	GlobalSection(SolutionProperties) = preSolution
		HideSolutionNode = FALSE
	EndGlobalSection
EndGlobal
